
Microsoft Visual Studio Solution File, Format Version 12.00
# Visual Studio Version 17
VisualStudioVersion = 17.9.34622.214
MinimumVisualStudioVersion = 10.0.40219.1
Project("{9A19103F-16F7-4668-BE54-9A1E7A4F7556}") = "Adressbook", "HST_Adressbook\Adressbook.csproj", "{CDD06050-013D-460C-B020-EFB3E0D1860E}"
EndProject
Global
	GlobalSection(SolutionConfigurationPlatforms) = preSolution
		Debug|Any CPU = Debug|Any CPU
		Release|Any CPU = Release|Any CPU
	EndGlobalSection
	GlobalSection(ProjectConfigurationPlatforms) = postSolution
		{CDD06050-013D-460C-B020-EFB3E0D1860E}.Debug|Any CPU.ActiveCfg = Debug|Any CPU
		{CDD06050-013D-460C-B020-EFB3E0D1860E}.Debug|Any CPU.Build.0 = Debug|Any CPU
		{CDD06050-013D-460C-B020-EFB3E0D1860E}.Release|Any CPU.ActiveCfg = Release|Any CPU
		{CDD06050-013D-460C-B020-EFB3E0D1860E}.Release|Any CPU.Build.0 = Release|Any CPU
	EndGlobalSection
	GlobalSection(SolutionProperties) = preSolution
		HideSolutionNode = FALSE
	EndGlobalSection
	GlobalSection(ExtensibilityGlobals) = postSolution
		SolutionGuid = {E0246B4A-9DCE-4338-A8C9-DF459B47EA9D}
	EndGlobalSection
EndGlobal
